
Microsoft Visual Studio Solution File, Format Version 12.00
# Visual Studio Version 16
VisualStudioVersion = 16.0.30114.105
MinimumVisualStudioVersion = 10.0.40219.1
Project("{2150E333-8FDC-42A3-9474-1A3956D46DE8}") = "src", "src", "{6A3A55FA-607A-4CC0-8A04-BF6CE45582B1}"
EndProject
Project("{9A19103F-16F7-4668-BE54-9A1E7A4F7556}") = "CQRSPattern.Web", "src\CQRSPattern.Web\CQRSPattern.Web.csproj", "{AAFC7DD7-9FD9-4ACA-874E-5402D4454C06}"
EndProject
Project("{9A19103F-16F7-4668-BE54-9A1E7A4F7556}") = "CQRSPattern.Domain", "src\CQRSPattern.Domain\CQRSPattern.Domain.csproj", "{2216C2AE-3E5B-46B4-B8D4-F7F7CD907A36}"
EndProject
Project("{FAE04EC0-301F-11D3-BF4B-00C04F79EFBC}") = "CQRSPattern.Infra", "src\CQRSPattern.Infra\CQRSPattern.Infra.csproj", "{E3358116-98C3-4EA7-A705-9CF0452E0BB5}"
EndProject
Global
	GlobalSection(SolutionConfigurationPlatforms) = preSolution
		Debug|Any CPU = Debug|Any CPU
		Release|Any CPU = Release|Any CPU
	EndGlobalSection
	GlobalSection(ProjectConfigurationPlatforms) = postSolution
		{AAFC7DD7-9FD9-4ACA-874E-5402D4454C06}.Debug|Any CPU.ActiveCfg = Debug|Any CPU
		{AAFC7DD7-9FD9-4ACA-874E-5402D4454C06}.Debug|Any CPU.Build.0 = Debug|Any CPU
		{AAFC7DD7-9FD9-4ACA-874E-5402D4454C06}.Release|Any CPU.ActiveCfg = Release|Any CPU
		{AAFC7DD7-9FD9-4ACA-874E-5402D4454C06}.Release|Any CPU.Build.0 = Release|Any CPU
		{2216C2AE-3E5B-46B4-B8D4-F7F7CD907A36}.Debug|Any CPU.ActiveCfg = Debug|Any CPU
		{2216C2AE-3E5B-46B4-B8D4-F7F7CD907A36}.Debug|Any CPU.Build.0 = Debug|Any CPU
		{2216C2AE-3E5B-46B4-B8D4-F7F7CD907A36}.Release|Any CPU.ActiveCfg = Release|Any CPU
		{2216C2AE-3E5B-46B4-B8D4-F7F7CD907A36}.Release|Any CPU.Build.0 = Release|Any CPU
		{E3358116-98C3-4EA7-A705-9CF0452E0BB5}.Debug|Any CPU.ActiveCfg = Debug|Any CPU
		{E3358116-98C3-4EA7-A705-9CF0452E0BB5}.Debug|Any CPU.Build.0 = Debug|Any CPU
		{E3358116-98C3-4EA7-A705-9CF0452E0BB5}.Release|Any CPU.ActiveCfg = Release|Any CPU
		{E3358116-98C3-4EA7-A705-9CF0452E0BB5}.Release|Any CPU.Build.0 = Release|Any CPU
	EndGlobalSection
	GlobalSection(SolutionProperties) = preSolution
		HideSolutionNode = FALSE
	EndGlobalSection
	GlobalSection(NestedProjects) = preSolution
		{AAFC7DD7-9FD9-4ACA-874E-5402D4454C06} = {6A3A55FA-607A-4CC0-8A04-BF6CE45582B1}
		{2216C2AE-3E5B-46B4-B8D4-F7F7CD907A36} = {6A3A55FA-607A-4CC0-8A04-BF6CE45582B1}
		{E3358116-98C3-4EA7-A705-9CF0452E0BB5} = {6A3A55FA-607A-4CC0-8A04-BF6CE45582B1}
	EndGlobalSection
	GlobalSection(ExtensibilityGlobals) = postSolution
		SolutionGuid = {0E3E5AB8-8802-4495-A844-177A99194709}
	EndGlobalSection
EndGlobal
